PODS:
  - AppRTC (1.0.5):
    - SocketRocket
    - WebRTC
  - SocketRocket (0.5.1)
  - WebRTC (57.2.16123)

DEPENDENCIES:
  - AppRTC (from `.`)

EXTERNAL SOURCES:
  AppRTC:
    :path: "."

SPEC CHECKSUMS:
  AppRTC: e84811ef116fa337c207a0087874a16666446b52
  SocketRocket: d57c7159b83c3c6655745cd15302aa24b6bae531
  WebRTC: b6ed56bffdf157a40495dff1b00c67111f7b899a

PODFILE CHECKSUM: 5fecdcb96cea028ea5749e1e5acb100c863d879c

COCOAPODS: 1.2.0
