PODS:
  - AppRTC (1.0.3):
    - SocketRocket
    - WebRTC (~> 57.0.0)
  - SocketRocket (0.5.1)
  - WebRTC (57.0.0)

DEPENDENCIES:
  - AppRTC (from `.`)

EXTERNAL SOURCES:
  AppRTC:
    :path: "."

SPEC CHECKSUMS:
  AppRTC: cb34bdd6a963da0c8c64cd8c091143d21b75d9e3
  SocketRocket: d57c7159b83c3c6655745cd15302aa24b6bae531
  WebRTC: '08eda467ecb83013485e5561f9ec1aa61a367178'

PODFILE CHECKSUM: de09d8bd46b32db95079b537924b1deec7afacd6

COCOAPODS: 1.2.0
