PODS:
  - AppRTC (1.0.5):
    - SocketRocket
    - WebRTC
  - SocketRocket (0.5.1)
  - WebRTC (59.17.16937)

DEPENDENCIES:
  - AppRTC (from `.`)

EXTERNAL SOURCES:
  AppRTC:
    :path: "."

SPEC CHECKSUMS:
  AppRTC: e84811ef116fa337c207a0087874a16666446b52
  SocketRocket: d57c7159b83c3c6655745cd15302aa24b6bae531
  WebRTC: 0f993572c053fea5f635e447b794f3f2b702be50

PODFILE CHECKSUM: de09d8bd46b32db95079b537924b1deec7afacd6

COCOAPODS: 1.2.1
